Microsoft Visual Studio Solution File, Format Version 12.00
# Visual Studio Version 17
VisualStudioVersion = 17.5.2.0
MinimumVisualStudioVersion = 10.0.40219.1
Project("{2150E333-8FDC-42A3-9474-1A3956D46DE8}") = "src", "src", "{827E0CD3-B72D-47B6-A68D-7590B98EB39B}"
EndProject
Project("{FAE04EC0-301F-11D3-BF4B-00C04F79EFBC}") = "TemplateBot", "src\TemplateBot\TemplateBot.csproj", "{2DE103AA-4477-2F19-679D-2256124C21E0}"
EndProject
Project("{2150E333-8FDC-42A3-9474-1A3956D46DE8}") = "alternative-bots", "alternative-bots", "{A3963A42-BA02-1665-FEE3-9A6867D26CB0}"
EndProject
Project("{FAE04EC0-301F-11D3-BF4B-00C04F79EFBC}") = "bot1", "src\alternative-bots\bot1\bot1.csproj", "{25E91CB2-FE3E-3BA4-BA2F-10F89237B962}"
EndProject
Project("{FAE04EC0-301F-11D3-BF4B-00C04F79EFBC}") = "bot2", "src\alternative-bots\bot2\bot2.csproj", "{D520384C-F4D7-5CE6-526B-D5C2BC6C01FF}"
EndProject
Project("{FAE04EC0-301F-11D3-BF4B-00C04F79EFBC}") = "bot3", "src\alternative-bots\bot3\bot3.csproj", "{CD996D99-AC99-E68B-93C8-AD37632B9750}"
EndProject
Project("{FAE04EC0-301F-11D3-BF4B-00C04F79EFBC}") = "bot4", "src\alternative-bots\bot4\bot4.csproj", "{E7E92B3F-3331-EC39-8E8C-7E7A0569A5AA}"
EndProject
Project("{2150E333-8FDC-42A3-9474-1A3956D46DE8}") = "main-bot", "main-bot", "{4FCDFDB7-A417-3C3F-0910-8A045F02A9B3}"
EndProject
Project("{FAE04EC0-301F-11D3-BF4B-00C04F79EFBC}") = "Megatron", "src\main-bot\Megatron\Megatron.csproj", "{CAFF764C-36EE-CEE0-79AA-FF09BC45C66C}"
EndProject
Project("{2150E333-8FDC-42A3-9474-1A3956D46DE8}") = "sample-bots-csharp-0.30.0", "sample-bots-csharp-0.30.0", "{8B87BC56-399E-8563-D498-8B560C5FED04}"
EndProject
Project("{FAE04EC0-301F-11D3-BF4B-00C04F79EFBC}") = "Corners", "src\sample-bots-csharp-0.30.0\Corners\Corners.csproj", "{B4FBD28F-B283-5303-D150-7539E787273D}"
EndProject
Project("{FAE04EC0-301F-11D3-BF4B-00C04F79EFBC}") = "Crazy", "src\sample-bots-csharp-0.30.0\Crazy\Crazy.csproj", "{0F4D2255-18D5-2575-B581-02A84E71F651}"
EndProject
Project("{FAE04EC0-301F-11D3-BF4B-00C04F79EFBC}") = "Fire", "src\sample-bots-csharp-0.30.0\Fire\Fire.csproj", "{8AD5E55A-56CB-3F77-A2CF-0D8B8D01EFC7}"
EndProject
Project("{FAE04EC0-301F-11D3-BF4B-00C04F79EFBC}") = "MyFirstBot", "src\sample-bots-csharp-0.30.0\MyFirstBot\MyFirstBot.csproj", "{277BD62C-509B-098C-DDA5-6A50D8266672}"
EndProject
Project("{FAE04EC0-301F-11D3-BF4B-00C04F79EFBC}") = "MyFirstDroid", "src\sample-bots-csharp-0.30.0\MyFirstDroid\MyFirstDroid.csproj", "{C825838A-4FC5-E24C-BD89-54DD117DBEB5}"
EndProject
Project("{FAE04EC0-301F-11D3-BF4B-00C04F79EFBC}") = "MyFirstLeader", "src\sample-bots-csharp-0.30.0\MyFirstLeader\MyFirstLeader.csproj", "{BDC72C05-1903-448D-CB89-63FAB1F19813}"
EndProject
Project("{FAE04EC0-301F-11D3-BF4B-00C04F79EFBC}") = "PaintingBot", "src\sample-bots-csharp-0.30.0\PaintingBot\PaintingBot.csproj", "{0DBEB9F5-20DF-6461-A149-AACCD51FD5FF}"
EndProject
Project("{FAE04EC0-301F-11D3-BF4B-00C04F79EFBC}") = "RamFire", "src\sample-bots-csharp-0.30.0\RamFire\RamFire.csproj", "{073886BF-EB8C-B23F-3189-3E4B3FD1E56C}"
EndProject
Project("{FAE04EC0-301F-11D3-BF4B-00C04F79EFBC}") = "SpinBot", "src\sample-bots-csharp-0.30.0\SpinBot\SpinBot.csproj", "{396F4C12-3301-D9BE-9708-7FDD5854F096}"
EndProject
Project("{FAE04EC0-301F-11D3-BF4B-00C04F79EFBC}") = "Target", "src\sample-bots-csharp-0.30.0\Target\Target.csproj", "{1199A513-C227-C2B0-6CA4-FB5123FFEB52}"
EndProject
Project("{FAE04EC0-301F-11D3-BF4B-00C04F79EFBC}") = "TrackFire", "src\sample-bots-csharp-0.30.0\TrackFire\TrackFire.csproj", "{31A779EA-45FA-B537-3654-79542D018086}"
EndProject
Project("{FAE04EC0-301F-11D3-BF4B-00C04F79EFBC}") = "VelocityBot", "src\sample-bots-csharp-0.30.0\VelocityBot\VelocityBot.csproj", "{E952378B-8BFC-B34C-2B71-32533FAA8627}"
EndProject
Project("{FAE04EC0-301F-11D3-BF4B-00C04F79EFBC}") = "Walls", "src\sample-bots-csharp-0.30.0\Walls\Walls.csproj", "{CDFBC954-95C0-1FDF-E82E-CD83E5A0EDF0}"
EndProject
Project("{2150E333-8FDC-42A3-9474-1A3956D46DE8}") = "tank-royale-0.30.0", "tank-royale-0.30.0", "{1F4F6224-26CD-4BDF-26F9-A0756601E47D}"
EndProject
Project("{2150E333-8FDC-42A3-9474-1A3956D46DE8}") = "schema", "schema", "{2E9C5609-E0D9-E7B1-8ABF-61ED82F1AC99}"
EndProject
Project("{FAE04EC0-301F-11D3-BF4B-00C04F79EFBC}") = "CodeGenerator", "src\tank-royale-0.30.0\schema\dotnet\CodeGenerator.csproj", "{DCE46D71-69E2-E008-376B-D32E72BF147F}"
EndProject
Project("{2150E333-8FDC-42A3-9474-1A3956D46DE8}") = "bot-api", "bot-api", "{9F2F0B80-D55C-CD03-ED1B-58C62DC936D1}"
EndProject
Project("{2150E333-8FDC-42A3-9474-1A3956D46DE8}") = "dotnet", "dotnet", "{7A5639E1-26A8-A556-1DFB-BCCB0FDEA500}"
EndProject
Project("{FAE04EC0-301F-11D3-BF4B-00C04F79EFBC}") = "Robocode.TankRoyale.BotApi", "src\tank-royale-0.30.0\bot-api\dotnet\Robocode.TankRoyale.BotApi\Robocode.TankRoyale.BotApi.csproj", "{96F9DFBC-2FFA-9373-FB75-FD8419BE9512}"
EndProject
Project("{FAE04EC0-301F-11D3-BF4B-00C04F79EFBC}") = "Robocode.TankRoyale.BotApi.Tests", "src\tank-royale-0.30.0\bot-api\dotnet\Robocode.TankRoyale.BotApi.Tests\Robocode.TankRoyale.BotApi.Tests.csproj", "{1012D72D-FC4A-B209-09AA-BBE069D212DA}"
EndProject
Project("{2150E333-8FDC-42A3-9474-1A3956D46DE8}") = "tank-royale-0.30.0", "tank-royale-0.30.0", "{CCF137B8-529E-86BF-19DA-5D37B251FB97}"
EndProject
Project("{2150E333-8FDC-42A3-9474-1A3956D46DE8}") = "bot-api", "bot-api", "{9E07D587-32C6-C7D0-2BAD-A1AD1E964637}"
EndProject
Project("{2150E333-8FDC-42A3-9474-1A3956D46DE8}") = "dotnet", "dotnet", "{03365483-7D40-2A1D-4569-636F5D0F7FEA}"
EndProject
Project("{FAE04EC0-301F-11D3-BF4B-00C04F79EFBC}") = "Robocode.TankRoyale.BotApi", "src\tank-royale-0.30.0\tank-royale-0.30.0\bot-api\dotnet\Robocode.TankRoyale.BotApi\Robocode.TankRoyale.BotApi.csproj", "{62CA7A67-DAA4-5000-E82C-EB1156792798}"
EndProject
Project("{FAE04EC0-301F-11D3-BF4B-00C04F79EFBC}") = "Robocode.TankRoyale.BotApi.Tests", "src\tank-royale-0.30.0\tank-royale-0.30.0\bot-api\dotnet\Robocode.TankRoyale.BotApi.Tests\Robocode.TankRoyale.BotApi.Tests.csproj", "{BCC1E0FF-8F18-1F5D-835F-D9C1E7282F6C}"
EndProject
Global
	GlobalSection(SolutionConfigurationPlatforms) = preSolution
		Debug|Any CPU = Debug|Any CPU
		Release|Any CPU = Release|Any CPU
	EndGlobalSection
	GlobalSection(ProjectConfigurationPlatforms) = postSolution
		{2DE103AA-4477-2F19-679D-2256124C21E0}.Debug|Any CPU.ActiveCfg = Debug|Any CPU
		{2DE103AA-4477-2F19-679D-2256124C21E0}.Debug|Any CPU.Build.0 = Debug|Any CPU
		{2DE103AA-4477-2F19-679D-2256124C21E0}.Release|Any CPU.ActiveCfg = Release|Any CPU
		{2DE103AA-4477-2F19-679D-2256124C21E0}.Release|Any CPU.Build.0 = Release|Any CPU
		{25E91CB2-FE3E-3BA4-BA2F-10F89237B962}.Debug|Any CPU.ActiveCfg = Debug|Any CPU
		{25E91CB2-FE3E-3BA4-BA2F-10F89237B962}.Debug|Any CPU.Build.0 = Debug|Any CPU
		{25E91CB2-FE3E-3BA4-BA2F-10F89237B962}.Release|Any CPU.ActiveCfg = Release|Any CPU
		{25E91CB2-FE3E-3BA4-BA2F-10F89237B962}.Release|Any CPU.Build.0 = Release|Any CPU
		{D520384C-F4D7-5CE6-526B-D5C2BC6C01FF}.Debug|Any CPU.ActiveCfg = Debug|Any CPU
		{D520384C-F4D7-5CE6-526B-D5C2BC6C01FF}.Debug|Any CPU.Build.0 = Debug|Any CPU
		{D520384C-F4D7-5CE6-526B-D5C2BC6C01FF}.Release|Any CPU.ActiveCfg = Release|Any CPU
		{D520384C-F4D7-5CE6-526B-D5C2BC6C01FF}.Release|Any CPU.Build.0 = Release|Any CPU
		{CD996D99-AC99-E68B-93C8-AD37632B9750}.Debug|Any CPU.ActiveCfg = Debug|Any CPU
		{CD996D99-AC99-E68B-93C8-AD37632B9750}.Debug|Any CPU.Build.0 = Debug|Any CPU
		{CD996D99-AC99-E68B-93C8-AD37632B9750}.Release|Any CPU.ActiveCfg = Release|Any CPU
		{CD996D99-AC99-E68B-93C8-AD37632B9750}.Release|Any CPU.Build.0 = Release|Any CPU
		{E7E92B3F-3331-EC39-8E8C-7E7A0569A5AA}.Debug|Any CPU.ActiveCfg = Debug|Any CPU
		{E7E92B3F-3331-EC39-8E8C-7E7A0569A5AA}.Debug|Any CPU.Build.0 = Debug|Any CPU
		{E7E92B3F-3331-EC39-8E8C-7E7A0569A5AA}.Release|Any CPU.ActiveCfg = Release|Any CPU
		{E7E92B3F-3331-EC39-8E8C-7E7A0569A5AA}.Release|Any CPU.Build.0 = Release|Any CPU
		{CAFF764C-36EE-CEE0-79AA-FF09BC45C66C}.Debug|Any CPU.ActiveCfg = Debug|Any CPU
		{CAFF764C-36EE-CEE0-79AA-FF09BC45C66C}.Debug|Any CPU.Build.0 = Debug|Any CPU
		{CAFF764C-36EE-CEE0-79AA-FF09BC45C66C}.Release|Any CPU.ActiveCfg = Release|Any CPU
		{CAFF764C-36EE-CEE0-79AA-FF09BC45C66C}.Release|Any CPU.Build.0 = Release|Any CPU
		{B4FBD28F-B283-5303-D150-7539E787273D}.Debug|Any CPU.ActiveCfg = Debug|Any CPU
		{B4FBD28F-B283-5303-D150-7539E787273D}.Debug|Any CPU.Build.0 = Debug|Any CPU
		{B4FBD28F-B283-5303-D150-7539E787273D}.Release|Any CPU.ActiveCfg = Release|Any CPU
		{B4FBD28F-B283-5303-D150-7539E787273D}.Release|Any CPU.Build.0 = Release|Any CPU
		{0F4D2255-18D5-2575-B581-02A84E71F651}.Debug|Any CPU.ActiveCfg = Debug|Any CPU
		{0F4D2255-18D5-2575-B581-02A84E71F651}.Debug|Any CPU.Build.0 = Debug|Any CPU
		{0F4D2255-18D5-2575-B581-02A84E71F651}.Release|Any CPU.ActiveCfg = Release|Any CPU
		{0F4D2255-18D5-2575-B581-02A84E71F651}.Release|Any CPU.Build.0 = Release|Any CPU
		{8AD5E55A-56CB-3F77-A2CF-0D8B8D01EFC7}.Debug|Any CPU.ActiveCfg = Debug|Any CPU
		{8AD5E55A-56CB-3F77-A2CF-0D8B8D01EFC7}.Debug|Any CPU.Build.0 = Debug|Any CPU
		{8AD5E55A-56CB-3F77-A2CF-0D8B8D01EFC7}.Release|Any CPU.ActiveCfg = Release|Any CPU
		{8AD5E55A-56CB-3F77-A2CF-0D8B8D01EFC7}.Release|Any CPU.Build.0 = Release|Any CPU
		{277BD62C-509B-098C-DDA5-6A50D8266672}.Debug|Any CPU.ActiveCfg = Debug|Any CPU
		{277BD62C-509B-098C-DDA5-6A50D8266672}.Debug|Any CPU.Build.0 = Debug|Any CPU
		{277BD62C-509B-098C-DDA5-6A50D8266672}.Release|Any CPU.ActiveCfg = Release|Any CPU
		{277BD62C-509B-098C-DDA5-6A50D8266672}.Release|Any CPU.Build.0 = Release|Any CPU
		{C825838A-4FC5-E24C-BD89-54DD117DBEB5}.Debug|Any CPU.ActiveCfg = Debug|Any CPU
		{C825838A-4FC5-E24C-BD89-54DD117DBEB5}.Debug|Any CPU.Build.0 = Debug|Any CPU
		{C825838A-4FC5-E24C-BD89-54DD117DBEB5}.Release|Any CPU.ActiveCfg = Release|Any CPU
		{C825838A-4FC5-E24C-BD89-54DD117DBEB5}.Release|Any CPU.Build.0 = Release|Any CPU
		{BDC72C05-1903-448D-CB89-63FAB1F19813}.Debug|Any CPU.ActiveCfg = Debug|Any CPU
		{BDC72C05-1903-448D-CB89-63FAB1F19813}.Debug|Any CPU.Build.0 = Debug|Any CPU
		{BDC72C05-1903-448D-CB89-63FAB1F19813}.Release|Any CPU.ActiveCfg = Release|Any CPU
		{BDC72C05-1903-448D-CB89-63FAB1F19813}.Release|Any CPU.Build.0 = Release|Any CPU
		{0DBEB9F5-20DF-6461-A149-AACCD51FD5FF}.Debug|Any CPU.ActiveCfg = Debug|Any CPU
		{0DBEB9F5-20DF-6461-A149-AACCD51FD5FF}.Debug|Any CPU.Build.0 = Debug|Any CPU
		{0DBEB9F5-20DF-6461-A149-AACCD51FD5FF}.Release|Any CPU.ActiveCfg = Release|Any CPU
		{0DBEB9F5-20DF-6461-A149-AACCD51FD5FF}.Release|Any CPU.Build.0 = Release|Any CPU
		{073886BF-EB8C-B23F-3189-3E4B3FD1E56C}.Debug|Any CPU.ActiveCfg = Debug|Any CPU
		{073886BF-EB8C-B23F-3189-3E4B3FD1E56C}.Debug|Any CPU.Build.0 = Debug|Any CPU
		{073886BF-EB8C-B23F-3189-3E4B3FD1E56C}.Release|Any CPU.ActiveCfg = Release|Any CPU
		{073886BF-EB8C-B23F-3189-3E4B3FD1E56C}.Release|Any CPU.Build.0 = Release|Any CPU
		{396F4C12-3301-D9BE-9708-7FDD5854F096}.Debug|Any CPU.ActiveCfg = Debug|Any CPU
		{396F4C12-3301-D9BE-9708-7FDD5854F096}.Debug|Any CPU.Build.0 = Debug|Any CPU
		{396F4C12-3301-D9BE-9708-7FDD5854F096}.Release|Any CPU.ActiveCfg = Release|Any CPU
		{396F4C12-3301-D9BE-9708-7FDD5854F096}.Release|Any CPU.Build.0 = Release|Any CPU
		{1199A513-C227-C2B0-6CA4-FB5123FFEB52}.Debug|Any CPU.ActiveCfg = Debug|Any CPU
		{1199A513-C227-C2B0-6CA4-FB5123FFEB52}.Debug|Any CPU.Build.0 = Debug|Any CPU
		{1199A513-C227-C2B0-6CA4-FB5123FFEB52}.Release|Any CPU.ActiveCfg = Release|Any CPU
		{1199A513-C227-C2B0-6CA4-FB5123FFEB52}.Release|Any CPU.Build.0 = Release|Any CPU
		{31A779EA-45FA-B537-3654-79542D018086}.Debug|Any CPU.ActiveCfg = Debug|Any CPU
		{31A779EA-45FA-B537-3654-79542D018086}.Debug|Any CPU.Build.0 = Debug|Any CPU
		{31A779EA-45FA-B537-3654-79542D018086}.Release|Any CPU.ActiveCfg = Release|Any CPU
		{31A779EA-45FA-B537-3654-79542D018086}.Release|Any CPU.Build.0 = Release|Any CPU
		{E952378B-8BFC-B34C-2B71-32533FAA8627}.Debug|Any CPU.ActiveCfg = Debug|Any CPU
		{E952378B-8BFC-B34C-2B71-32533FAA8627}.Debug|Any CPU.Build.0 = Debug|Any CPU
		{E952378B-8BFC-B34C-2B71-32533FAA8627}.Release|Any CPU.ActiveCfg = Release|Any CPU
		{E952378B-8BFC-B34C-2B71-32533FAA8627}.Release|Any CPU.Build.0 = Release|Any CPU
		{CDFBC954-95C0-1FDF-E82E-CD83E5A0EDF0}.Debug|Any CPU.ActiveCfg = Debug|Any CPU
		{CDFBC954-95C0-1FDF-E82E-CD83E5A0EDF0}.Debug|Any CPU.Build.0 = Debug|Any CPU
		{CDFBC954-95C0-1FDF-E82E-CD83E5A0EDF0}.Release|Any CPU.ActiveCfg = Release|Any CPU
		{CDFBC954-95C0-1FDF-E82E-CD83E5A0EDF0}.Release|Any CPU.Build.0 = Release|Any CPU
		{DCE46D71-69E2-E008-376B-D32E72BF147F}.Debug|Any CPU.ActiveCfg = Debug|Any CPU
		{DCE46D71-69E2-E008-376B-D32E72BF147F}.Debug|Any CPU.Build.0 = Debug|Any CPU
		{DCE46D71-69E2-E008-376B-D32E72BF147F}.Release|Any CPU.ActiveCfg = Release|Any CPU
		{DCE46D71-69E2-E008-376B-D32E72BF147F}.Release|Any CPU.Build.0 = Release|Any CPU
		{96F9DFBC-2FFA-9373-FB75-FD8419BE9512}.Debug|Any CPU.ActiveCfg = Debug|Any CPU
		{96F9DFBC-2FFA-9373-FB75-FD8419BE9512}.Debug|Any CPU.Build.0 = Debug|Any CPU
		{96F9DFBC-2FFA-9373-FB75-FD8419BE9512}.Release|Any CPU.ActiveCfg = Release|Any CPU
		{96F9DFBC-2FFA-9373-FB75-FD8419BE9512}.Release|Any CPU.Build.0 = Release|Any CPU
		{1012D72D-FC4A-B209-09AA-BBE069D212DA}.Debug|Any CPU.ActiveCfg = Debug|Any CPU
		{1012D72D-FC4A-B209-09AA-BBE069D212DA}.Debug|Any CPU.Build.0 = Debug|Any CPU
		{1012D72D-FC4A-B209-09AA-BBE069D212DA}.Release|Any CPU.ActiveCfg = Release|Any CPU
		{1012D72D-FC4A-B209-09AA-BBE069D212DA}.Release|Any CPU.Build.0 = Release|Any CPU
		{62CA7A67-DAA4-5000-E82C-EB1156792798}.Debug|Any CPU.ActiveCfg = Debug|Any CPU
		{62CA7A67-DAA4-5000-E82C-EB1156792798}.Debug|Any CPU.Build.0 = Debug|Any CPU
		{62CA7A67-DAA4-5000-E82C-EB1156792798}.Release|Any CPU.ActiveCfg = Release|Any CPU
		{62CA7A67-DAA4-5000-E82C-EB1156792798}.Release|Any CPU.Build.0 = Release|Any CPU
		{BCC1E0FF-8F18-1F5D-835F-D9C1E7282F6C}.Debug|Any CPU.ActiveCfg = Debug|Any CPU
		{BCC1E0FF-8F18-1F5D-835F-D9C1E7282F6C}.Debug|Any CPU.Build.0 = Debug|Any CPU
		{BCC1E0FF-8F18-1F5D-835F-D9C1E7282F6C}.Release|Any CPU.ActiveCfg = Release|Any CPU
		{BCC1E0FF-8F18-1F5D-835F-D9C1E7282F6C}.Release|Any CPU.Build.0 = Release|Any CPU
	EndGlobalSection
	GlobalSection(SolutionProperties) = preSolution
		HideSolutionNode = FALSE
	EndGlobalSection
	GlobalSection(NestedProjects) = preSolution
		{2DE103AA-4477-2F19-679D-2256124C21E0} = {827E0CD3-B72D-47B6-A68D-7590B98EB39B}
		{A3963A42-BA02-1665-FEE3-9A6867D26CB0} = {827E0CD3-B72D-47B6-A68D-7590B98EB39B}
		{25E91CB2-FE3E-3BA4-BA2F-10F89237B962} = {A3963A42-BA02-1665-FEE3-9A6867D26CB0}
		{D520384C-F4D7-5CE6-526B-D5C2BC6C01FF} = {A3963A42-BA02-1665-FEE3-9A6867D26CB0}
		{CD996D99-AC99-E68B-93C8-AD37632B9750} = {A3963A42-BA02-1665-FEE3-9A6867D26CB0}
		{E7E92B3F-3331-EC39-8E8C-7E7A0569A5AA} = {A3963A42-BA02-1665-FEE3-9A6867D26CB0}
		{4FCDFDB7-A417-3C3F-0910-8A045F02A9B3} = {827E0CD3-B72D-47B6-A68D-7590B98EB39B}
		{CAFF764C-36EE-CEE0-79AA-FF09BC45C66C} = {4FCDFDB7-A417-3C3F-0910-8A045F02A9B3}
		{8B87BC56-399E-8563-D498-8B560C5FED04} = {827E0CD3-B72D-47B6-A68D-7590B98EB39B}
		{B4FBD28F-B283-5303-D150-7539E787273D} = {8B87BC56-399E-8563-D498-8B560C5FED04}
		{0F4D2255-18D5-2575-B581-02A84E71F651} = {8B87BC56-399E-8563-D498-8B560C5FED04}
		{8AD5E55A-56CB-3F77-A2CF-0D8B8D01EFC7} = {8B87BC56-399E-8563-D498-8B560C5FED04}
		{277BD62C-509B-098C-DDA5-6A50D8266672} = {8B87BC56-399E-8563-D498-8B560C5FED04}
		{C825838A-4FC5-E24C-BD89-54DD117DBEB5} = {8B87BC56-399E-8563-D498-8B560C5FED04}
		{BDC72C05-1903-448D-CB89-63FAB1F19813} = {8B87BC56-399E-8563-D498-8B560C5FED04}
		{0DBEB9F5-20DF-6461-A149-AACCD51FD5FF} = {8B87BC56-399E-8563-D498-8B560C5FED04}
		{073886BF-EB8C-B23F-3189-3E4B3FD1E56C} = {8B87BC56-399E-8563-D498-8B560C5FED04}
		{396F4C12-3301-D9BE-9708-7FDD5854F096} = {8B87BC56-399E-8563-D498-8B560C5FED04}
		{1199A513-C227-C2B0-6CA4-FB5123FFEB52} = {8B87BC56-399E-8563-D498-8B560C5FED04}
		{31A779EA-45FA-B537-3654-79542D018086} = {8B87BC56-399E-8563-D498-8B560C5FED04}
		{E952378B-8BFC-B34C-2B71-32533FAA8627} = {8B87BC56-399E-8563-D498-8B560C5FED04}
		{CDFBC954-95C0-1FDF-E82E-CD83E5A0EDF0} = {8B87BC56-399E-8563-D498-8B560C5FED04}
		{1F4F6224-26CD-4BDF-26F9-A0756601E47D} = {827E0CD3-B72D-47B6-A68D-7590B98EB39B}
		{2E9C5609-E0D9-E7B1-8ABF-61ED82F1AC99} = {1F4F6224-26CD-4BDF-26F9-A0756601E47D}
		{DCE46D71-69E2-E008-376B-D32E72BF147F} = {2E9C5609-E0D9-E7B1-8ABF-61ED82F1AC99}
		{9F2F0B80-D55C-CD03-ED1B-58C62DC936D1} = {1F4F6224-26CD-4BDF-26F9-A0756601E47D}
		{7A5639E1-26A8-A556-1DFB-BCCB0FDEA500} = {9F2F0B80-D55C-CD03-ED1B-58C62DC936D1}
		{96F9DFBC-2FFA-9373-FB75-FD8419BE9512} = {7A5639E1-26A8-A556-1DFB-BCCB0FDEA500}
		{1012D72D-FC4A-B209-09AA-BBE069D212DA} = {7A5639E1-26A8-A556-1DFB-BCCB0FDEA500}
		{CCF137B8-529E-86BF-19DA-5D37B251FB97} = {1F4F6224-26CD-4BDF-26F9-A0756601E47D}
		{9E07D587-32C6-C7D0-2BAD-A1AD1E964637} = {CCF137B8-529E-86BF-19DA-5D37B251FB97}
		{03365483-7D40-2A1D-4569-636F5D0F7FEA} = {9E07D587-32C6-C7D0-2BAD-A1AD1E964637}
		{62CA7A67-DAA4-5000-E82C-EB1156792798} = {03365483-7D40-2A1D-4569-636F5D0F7FEA}
		{BCC1E0FF-8F18-1F5D-835F-D9C1E7282F6C} = {03365483-7D40-2A1D-4569-636F5D0F7FEA}
	EndGlobalSection
	GlobalSection(ExtensibilityGlobals) = postSolution
		SolutionGuid = {E2697CD4-3990-40B8-A2B1-CB36009523CC}
	EndGlobalSection
EndGlobal
