Microsoft Visual Studio Solution File, Format Version 12.00
# Visual Studio Version 17
VisualStudioVersion = 17.5.2.0
MinimumVisualStudioVersion = 10.0.40219.1
Project("{FAE04EC0-301F-11D3-BF4B-00C04F79EFBC}") = "TemplateBot", "template\TemplateBot.csproj", "{8F79E8E8-E9AC-33EE-2FD8-90EC838C88A2}"
EndProject
Project("{2150E333-8FDC-42A3-9474-1A3956D46DE8}") = "tubes1-if2211-starter-pack-1.0", "tubes1-if2211-starter-pack-1.0", "{79C09114-8DD2-3821-49D0-3BA1FC1D6B04}"
EndProject
Project("{FAE04EC0-301F-11D3-BF4B-00C04F79EFBC}") = "TemplateBot", "tubes1-if2211-starter-pack-1.0\TemplateBot\TemplateBot.csproj", "{0D1EBE9C-381A-2395-7034-97EEF9AF77E2}"
EndProject
Project("{2150E333-8FDC-42A3-9474-1A3956D46DE8}") = "sample-bots-csharp-0.30.0", "sample-bots-csharp-0.30.0", "{F47DE4D2-B48D-ADAB-9482-66D527C7E51A}"
EndProject
Project("{FAE04EC0-301F-11D3-BF4B-00C04F79EFBC}") = "Corners", "tubes1-if2211-starter-pack-1.0\sample-bots-csharp-0.30.0\Corners\Corners.csproj", "{B01AF52B-583C-04C5-FD61-293ED724A5D2}"
EndProject
Project("{FAE04EC0-301F-11D3-BF4B-00C04F79EFBC}") = "Crazy", "tubes1-if2211-starter-pack-1.0\sample-bots-csharp-0.30.0\Crazy\Crazy.csproj", "{4B1276F5-221B-4BA8-7258-2CADA084D797}"
EndProject
Project("{FAE04EC0-301F-11D3-BF4B-00C04F79EFBC}") = "Fire", "tubes1-if2211-starter-pack-1.0\sample-bots-csharp-0.30.0\Fire\Fire.csproj", "{20ED0998-8420-0129-8E09-9D5A771B7557}"
EndProject
Project("{FAE04EC0-301F-11D3-BF4B-00C04F79EFBC}") = "MyFirstBot", "tubes1-if2211-starter-pack-1.0\sample-bots-csharp-0.30.0\MyFirstBot\MyFirstBot.csproj", "{B55CDC8B-32B2-53F0-F3FC-AAC0AFBB7645}"
EndProject
Project("{FAE04EC0-301F-11D3-BF4B-00C04F79EFBC}") = "MyFirstDroid", "tubes1-if2211-starter-pack-1.0\sample-bots-csharp-0.30.0\MyFirstDroid\MyFirstDroid.csproj", "{A4C16927-DE4E-D8C0-8041-A8E210912FEB}"
EndProject
Project("{FAE04EC0-301F-11D3-BF4B-00C04F79EFBC}") = "MyFirstLeader", "tubes1-if2211-starter-pack-1.0\sample-bots-csharp-0.30.0\MyFirstLeader\MyFirstLeader.csproj", "{83A6BAF6-C844-6445-7F14-9095A2BC00B8}"
EndProject
Project("{FAE04EC0-301F-11D3-BF4B-00C04F79EFBC}") = "PaintingBot", "tubes1-if2211-starter-pack-1.0\sample-bots-csharp-0.30.0\PaintingBot\PaintingBot.csproj", "{F01CA91D-87F2-E45B-0310-05C31C0B95E3}"
EndProject
Project("{FAE04EC0-301F-11D3-BF4B-00C04F79EFBC}") = "RamFire", "tubes1-if2211-starter-pack-1.0\sample-bots-csharp-0.30.0\RamFire\RamFire.csproj", "{C23E54F2-1A8E-CDE7-25D5-6E65E5C5FF5D}"
EndProject
Project("{FAE04EC0-301F-11D3-BF4B-00C04F79EFBC}") = "SpinBot", "tubes1-if2211-starter-pack-1.0\sample-bots-csharp-0.30.0\SpinBot\SpinBot.csproj", "{C1F451FC-2969-DAB3-811F-C31158ED3E81}"
EndProject
Project("{FAE04EC0-301F-11D3-BF4B-00C04F79EFBC}") = "Target", "tubes1-if2211-starter-pack-1.0\sample-bots-csharp-0.30.0\Target\Target.csproj", "{ED1C9D4B-B9CF-B042-5CC0-530E13870AEA}"
EndProject
Project("{FAE04EC0-301F-11D3-BF4B-00C04F79EFBC}") = "TrackFire", "tubes1-if2211-starter-pack-1.0\sample-bots-csharp-0.30.0\TrackFire\TrackFire.csproj", "{20B5BB12-4299-701B-068F-03795F986BD9}"
EndProject
Project("{FAE04EC0-301F-11D3-BF4B-00C04F79EFBC}") = "VelocityBot", "tubes1-if2211-starter-pack-1.0\sample-bots-csharp-0.30.0\VelocityBot\VelocityBot.csproj", "{B923CAA0-44A8-E5E7-6101-A1159E01BB4D}"
EndProject
Project("{FAE04EC0-301F-11D3-BF4B-00C04F79EFBC}") = "Walls", "tubes1-if2211-starter-pack-1.0\sample-bots-csharp-0.30.0\Walls\Walls.csproj", "{9D2E9E2F-1D82-2531-D135-CCC6C54D0070}"
EndProject
Project("{2150E333-8FDC-42A3-9474-1A3956D46DE8}") = "tank-royale-0.30.0", "tank-royale-0.30.0", "{467118F5-FCB4-3430-3715-FB3D5F22BC5C}"
EndProject
Project("{2150E333-8FDC-42A3-9474-1A3956D46DE8}") = "schema", "schema", "{54D8C71E-9239-9483-ED9B-AFA352B40F52}"
EndProject
Project("{FAE04EC0-301F-11D3-BF4B-00C04F79EFBC}") = "CodeGenerator", "tubes1-if2211-starter-pack-1.0\tank-royale-0.30.0\schema\dotnet\CodeGenerator.csproj", "{95EB1641-B54D-3A61-1DC2-86AE056EAA90}"
EndProject
Project("{2150E333-8FDC-42A3-9474-1A3956D46DE8}") = "bot-api", "bot-api", "{8900E24D-E34D-9BB5-59FF-51D4612EA837}"
EndProject
Project("{2150E333-8FDC-42A3-9474-1A3956D46DE8}") = "dotnet", "dotnet", "{FFEF629E-29E6-6EA6-30B1-C87BF265AB27}"
EndProject
Project("{FAE04EC0-301F-11D3-BF4B-00C04F79EFBC}") = "Robocode.TankRoyale.BotApi", "tubes1-if2211-starter-pack-1.0\tank-royale-0.30.0\bot-api\dotnet\Robocode.TankRoyale.BotApi\Robocode.TankRoyale.BotApi.csproj", "{3D793D49-EF62-0AE5-8F08-0D8667E75934}"
EndProject
Project("{FAE04EC0-301F-11D3-BF4B-00C04F79EFBC}") = "Robocode.TankRoyale.BotApi.Tests", "tubes1-if2211-starter-pack-1.0\tank-royale-0.30.0\bot-api\dotnet\Robocode.TankRoyale.BotApi.Tests\Robocode.TankRoyale.BotApi.Tests.csproj", "{77CCCFE5-3DFA-E3C0-238E-12E062005705}"
EndProject
Project("{2150E333-8FDC-42A3-9474-1A3956D46DE8}") = "tank-royale-0.30.0", "tank-royale-0.30.0", "{302A0036-2151-D0DF-9BD2-CBDBAF8CCE70}"
EndProject
Project("{2150E333-8FDC-42A3-9474-1A3956D46DE8}") = "bot-api", "bot-api", "{9559D9CC-6153-291A-D449-EB4905ED0901}"
EndProject
Project("{2150E333-8FDC-42A3-9474-1A3956D46DE8}") = "dotnet", "dotnet", "{FBB512E2-7146-DBFE-8AD8-6896E5533782}"
EndProject
Project("{FAE04EC0-301F-11D3-BF4B-00C04F79EFBC}") = "Robocode.TankRoyale.BotApi", "tubes1-if2211-starter-pack-1.0\tank-royale-0.30.0\tank-royale-0.30.0\bot-api\dotnet\Robocode.TankRoyale.BotApi\Robocode.TankRoyale.BotApi.csproj", "{A3EA3396-BF65-5B0F-5237-44D0FC192D96}"
EndProject
Project("{FAE04EC0-301F-11D3-BF4B-00C04F79EFBC}") = "Robocode.TankRoyale.BotApi.Tests", "tubes1-if2211-starter-pack-1.0\tank-royale-0.30.0\tank-royale-0.30.0\bot-api\dotnet\Robocode.TankRoyale.BotApi.Tests\Robocode.TankRoyale.BotApi.Tests.csproj", "{423D0F0E-F463-18F2-B1F9-2F2B01B1F494}"
EndProject
Global
	GlobalSection(SolutionConfigurationPlatforms) = preSolution
		Debug|Any CPU = Debug|Any CPU
		Release|Any CPU = Release|Any CPU
	EndGlobalSection
	GlobalSection(ProjectConfigurationPlatforms) = postSolution
		{8F79E8E8-E9AC-33EE-2FD8-90EC838C88A2}.Debug|Any CPU.ActiveCfg = Debug|Any CPU
		{8F79E8E8-E9AC-33EE-2FD8-90EC838C88A2}.Debug|Any CPU.Build.0 = Debug|Any CPU
		{8F79E8E8-E9AC-33EE-2FD8-90EC838C88A2}.Release|Any CPU.ActiveCfg = Release|Any CPU
		{8F79E8E8-E9AC-33EE-2FD8-90EC838C88A2}.Release|Any CPU.Build.0 = Release|Any CPU
		{0D1EBE9C-381A-2395-7034-97EEF9AF77E2}.Debug|Any CPU.ActiveCfg = Debug|Any CPU
		{0D1EBE9C-381A-2395-7034-97EEF9AF77E2}.Debug|Any CPU.Build.0 = Debug|Any CPU
		{0D1EBE9C-381A-2395-7034-97EEF9AF77E2}.Release|Any CPU.ActiveCfg = Release|Any CPU
		{0D1EBE9C-381A-2395-7034-97EEF9AF77E2}.Release|Any CPU.Build.0 = Release|Any CPU
		{B01AF52B-583C-04C5-FD61-293ED724A5D2}.Debug|Any CPU.ActiveCfg = Debug|Any CPU
		{B01AF52B-583C-04C5-FD61-293ED724A5D2}.Debug|Any CPU.Build.0 = Debug|Any CPU
		{B01AF52B-583C-04C5-FD61-293ED724A5D2}.Release|Any CPU.ActiveCfg = Release|Any CPU
		{B01AF52B-583C-04C5-FD61-293ED724A5D2}.Release|Any CPU.Build.0 = Release|Any CPU
		{4B1276F5-221B-4BA8-7258-2CADA084D797}.Debug|Any CPU.ActiveCfg = Debug|Any CPU
		{4B1276F5-221B-4BA8-7258-2CADA084D797}.Debug|Any CPU.Build.0 = Debug|Any CPU
		{4B1276F5-221B-4BA8-7258-2CADA084D797}.Release|Any CPU.ActiveCfg = Release|Any CPU
		{4B1276F5-221B-4BA8-7258-2CADA084D797}.Release|Any CPU.Build.0 = Release|Any CPU
		{20ED0998-8420-0129-8E09-9D5A771B7557}.Debug|Any CPU.ActiveCfg = Debug|Any CPU
		{20ED0998-8420-0129-8E09-9D5A771B7557}.Debug|Any CPU.Build.0 = Debug|Any CPU
		{20ED0998-8420-0129-8E09-9D5A771B7557}.Release|Any CPU.ActiveCfg = Release|Any CPU
		{20ED0998-8420-0129-8E09-9D5A771B7557}.Release|Any CPU.Build.0 = Release|Any CPU
		{B55CDC8B-32B2-53F0-F3FC-AAC0AFBB7645}.Debug|Any CPU.ActiveCfg = Debug|Any CPU
		{B55CDC8B-32B2-53F0-F3FC-AAC0AFBB7645}.Debug|Any CPU.Build.0 = Debug|Any CPU
		{B55CDC8B-32B2-53F0-F3FC-AAC0AFBB7645}.Release|Any CPU.ActiveCfg = Release|Any CPU
		{B55CDC8B-32B2-53F0-F3FC-AAC0AFBB7645}.Release|Any CPU.Build.0 = Release|Any CPU
		{A4C16927-DE4E-D8C0-8041-A8E210912FEB}.Debug|Any CPU.ActiveCfg = Debug|Any CPU
		{A4C16927-DE4E-D8C0-8041-A8E210912FEB}.Debug|Any CPU.Build.0 = Debug|Any CPU
		{A4C16927-DE4E-D8C0-8041-A8E210912FEB}.Release|Any CPU.ActiveCfg = Release|Any CPU
		{A4C16927-DE4E-D8C0-8041-A8E210912FEB}.Release|Any CPU.Build.0 = Release|Any CPU
		{83A6BAF6-C844-6445-7F14-9095A2BC00B8}.Debug|Any CPU.ActiveCfg = Debug|Any CPU
		{83A6BAF6-C844-6445-7F14-9095A2BC00B8}.Debug|Any CPU.Build.0 = Debug|Any CPU
		{83A6BAF6-C844-6445-7F14-9095A2BC00B8}.Release|Any CPU.ActiveCfg = Release|Any CPU
		{83A6BAF6-C844-6445-7F14-9095A2BC00B8}.Release|Any CPU.Build.0 = Release|Any CPU
		{F01CA91D-87F2-E45B-0310-05C31C0B95E3}.Debug|Any CPU.ActiveCfg = Debug|Any CPU
		{F01CA91D-87F2-E45B-0310-05C31C0B95E3}.Debug|Any CPU.Build.0 = Debug|Any CPU
		{F01CA91D-87F2-E45B-0310-05C31C0B95E3}.Release|Any CPU.ActiveCfg = Release|Any CPU
		{F01CA91D-87F2-E45B-0310-05C31C0B95E3}.Release|Any CPU.Build.0 = Release|Any CPU
		{C23E54F2-1A8E-CDE7-25D5-6E65E5C5FF5D}.Debug|Any CPU.ActiveCfg = Debug|Any CPU
		{C23E54F2-1A8E-CDE7-25D5-6E65E5C5FF5D}.Debug|Any CPU.Build.0 = Debug|Any CPU
		{C23E54F2-1A8E-CDE7-25D5-6E65E5C5FF5D}.Release|Any CPU.ActiveCfg = Release|Any CPU
		{C23E54F2-1A8E-CDE7-25D5-6E65E5C5FF5D}.Release|Any CPU.Build.0 = Release|Any CPU
		{C1F451FC-2969-DAB3-811F-C31158ED3E81}.Debug|Any CPU.ActiveCfg = Debug|Any CPU
		{C1F451FC-2969-DAB3-811F-C31158ED3E81}.Debug|Any CPU.Build.0 = Debug|Any CPU
		{C1F451FC-2969-DAB3-811F-C31158ED3E81}.Release|Any CPU.ActiveCfg = Release|Any CPU
		{C1F451FC-2969-DAB3-811F-C31158ED3E81}.Release|Any CPU.Build.0 = Release|Any CPU
		{ED1C9D4B-B9CF-B042-5CC0-530E13870AEA}.Debug|Any CPU.ActiveCfg = Debug|Any CPU
		{ED1C9D4B-B9CF-B042-5CC0-530E13870AEA}.Debug|Any CPU.Build.0 = Debug|Any CPU
		{ED1C9D4B-B9CF-B042-5CC0-530E13870AEA}.Release|Any CPU.ActiveCfg = Release|Any CPU
		{ED1C9D4B-B9CF-B042-5CC0-530E13870AEA}.Release|Any CPU.Build.0 = Release|Any CPU
		{20B5BB12-4299-701B-068F-03795F986BD9}.Debug|Any CPU.ActiveCfg = Debug|Any CPU
		{20B5BB12-4299-701B-068F-03795F986BD9}.Debug|Any CPU.Build.0 = Debug|Any CPU
		{20B5BB12-4299-701B-068F-03795F986BD9}.Release|Any CPU.ActiveCfg = Release|Any CPU
		{20B5BB12-4299-701B-068F-03795F986BD9}.Release|Any CPU.Build.0 = Release|Any CPU
		{B923CAA0-44A8-E5E7-6101-A1159E01BB4D}.Debug|Any CPU.ActiveCfg = Debug|Any CPU
		{B923CAA0-44A8-E5E7-6101-A1159E01BB4D}.Debug|Any CPU.Build.0 = Debug|Any CPU
		{B923CAA0-44A8-E5E7-6101-A1159E01BB4D}.Release|Any CPU.ActiveCfg = Release|Any CPU
		{B923CAA0-44A8-E5E7-6101-A1159E01BB4D}.Release|Any CPU.Build.0 = Release|Any CPU
		{9D2E9E2F-1D82-2531-D135-CCC6C54D0070}.Debug|Any CPU.ActiveCfg = Debug|Any CPU
		{9D2E9E2F-1D82-2531-D135-CCC6C54D0070}.Debug|Any CPU.Build.0 = Debug|Any CPU
		{9D2E9E2F-1D82-2531-D135-CCC6C54D0070}.Release|Any CPU.ActiveCfg = Release|Any CPU
		{9D2E9E2F-1D82-2531-D135-CCC6C54D0070}.Release|Any CPU.Build.0 = Release|Any CPU
		{95EB1641-B54D-3A61-1DC2-86AE056EAA90}.Debug|Any CPU.ActiveCfg = Debug|Any CPU
		{95EB1641-B54D-3A61-1DC2-86AE056EAA90}.Debug|Any CPU.Build.0 = Debug|Any CPU
		{95EB1641-B54D-3A61-1DC2-86AE056EAA90}.Release|Any CPU.ActiveCfg = Release|Any CPU
		{95EB1641-B54D-3A61-1DC2-86AE056EAA90}.Release|Any CPU.Build.0 = Release|Any CPU
		{3D793D49-EF62-0AE5-8F08-0D8667E75934}.Debug|Any CPU.ActiveCfg = Debug|Any CPU
		{3D793D49-EF62-0AE5-8F08-0D8667E75934}.Debug|Any CPU.Build.0 = Debug|Any CPU
		{3D793D49-EF62-0AE5-8F08-0D8667E75934}.Release|Any CPU.ActiveCfg = Release|Any CPU
		{3D793D49-EF62-0AE5-8F08-0D8667E75934}.Release|Any CPU.Build.0 = Release|Any CPU
		{77CCCFE5-3DFA-E3C0-238E-12E062005705}.Debug|Any CPU.ActiveCfg = Debug|Any CPU
		{77CCCFE5-3DFA-E3C0-238E-12E062005705}.Debug|Any CPU.Build.0 = Debug|Any CPU
		{77CCCFE5-3DFA-E3C0-238E-12E062005705}.Release|Any CPU.ActiveCfg = Release|Any CPU
		{77CCCFE5-3DFA-E3C0-238E-12E062005705}.Release|Any CPU.Build.0 = Release|Any CPU
		{A3EA3396-BF65-5B0F-5237-44D0FC192D96}.Debug|Any CPU.ActiveCfg = Debug|Any CPU
		{A3EA3396-BF65-5B0F-5237-44D0FC192D96}.Debug|Any CPU.Build.0 = Debug|Any CPU
		{A3EA3396-BF65-5B0F-5237-44D0FC192D96}.Release|Any CPU.ActiveCfg = Release|Any CPU
		{A3EA3396-BF65-5B0F-5237-44D0FC192D96}.Release|Any CPU.Build.0 = Release|Any CPU
		{423D0F0E-F463-18F2-B1F9-2F2B01B1F494}.Debug|Any CPU.ActiveCfg = Debug|Any CPU
		{423D0F0E-F463-18F2-B1F9-2F2B01B1F494}.Debug|Any CPU.Build.0 = Debug|Any CPU
		{423D0F0E-F463-18F2-B1F9-2F2B01B1F494}.Release|Any CPU.ActiveCfg = Release|Any CPU
		{423D0F0E-F463-18F2-B1F9-2F2B01B1F494}.Release|Any CPU.Build.0 = Release|Any CPU
	EndGlobalSection
	GlobalSection(SolutionProperties) = preSolution
		HideSolutionNode = FALSE
	EndGlobalSection
	GlobalSection(NestedProjects) = preSolution
		{0D1EBE9C-381A-2395-7034-97EEF9AF77E2} = {79C09114-8DD2-3821-49D0-3BA1FC1D6B04}
		{F47DE4D2-B48D-ADAB-9482-66D527C7E51A} = {79C09114-8DD2-3821-49D0-3BA1FC1D6B04}
		{B01AF52B-583C-04C5-FD61-293ED724A5D2} = {F47DE4D2-B48D-ADAB-9482-66D527C7E51A}
		{4B1276F5-221B-4BA8-7258-2CADA084D797} = {F47DE4D2-B48D-ADAB-9482-66D527C7E51A}
		{20ED0998-8420-0129-8E09-9D5A771B7557} = {F47DE4D2-B48D-ADAB-9482-66D527C7E51A}
		{B55CDC8B-32B2-53F0-F3FC-AAC0AFBB7645} = {F47DE4D2-B48D-ADAB-9482-66D527C7E51A}
		{A4C16927-DE4E-D8C0-8041-A8E210912FEB} = {F47DE4D2-B48D-ADAB-9482-66D527C7E51A}
		{83A6BAF6-C844-6445-7F14-9095A2BC00B8} = {F47DE4D2-B48D-ADAB-9482-66D527C7E51A}
		{F01CA91D-87F2-E45B-0310-05C31C0B95E3} = {F47DE4D2-B48D-ADAB-9482-66D527C7E51A}
		{C23E54F2-1A8E-CDE7-25D5-6E65E5C5FF5D} = {F47DE4D2-B48D-ADAB-9482-66D527C7E51A}
		{C1F451FC-2969-DAB3-811F-C31158ED3E81} = {F47DE4D2-B48D-ADAB-9482-66D527C7E51A}
		{ED1C9D4B-B9CF-B042-5CC0-530E13870AEA} = {F47DE4D2-B48D-ADAB-9482-66D527C7E51A}
		{20B5BB12-4299-701B-068F-03795F986BD9} = {F47DE4D2-B48D-ADAB-9482-66D527C7E51A}
		{B923CAA0-44A8-E5E7-6101-A1159E01BB4D} = {F47DE4D2-B48D-ADAB-9482-66D527C7E51A}
		{9D2E9E2F-1D82-2531-D135-CCC6C54D0070} = {F47DE4D2-B48D-ADAB-9482-66D527C7E51A}
		{467118F5-FCB4-3430-3715-FB3D5F22BC5C} = {79C09114-8DD2-3821-49D0-3BA1FC1D6B04}
		{54D8C71E-9239-9483-ED9B-AFA352B40F52} = {467118F5-FCB4-3430-3715-FB3D5F22BC5C}
		{95EB1641-B54D-3A61-1DC2-86AE056EAA90} = {54D8C71E-9239-9483-ED9B-AFA352B40F52}
		{8900E24D-E34D-9BB5-59FF-51D4612EA837} = {467118F5-FCB4-3430-3715-FB3D5F22BC5C}
		{FFEF629E-29E6-6EA6-30B1-C87BF265AB27} = {8900E24D-E34D-9BB5-59FF-51D4612EA837}
		{3D793D49-EF62-0AE5-8F08-0D8667E75934} = {FFEF629E-29E6-6EA6-30B1-C87BF265AB27}
		{77CCCFE5-3DFA-E3C0-238E-12E062005705} = {FFEF629E-29E6-6EA6-30B1-C87BF265AB27}
		{302A0036-2151-D0DF-9BD2-CBDBAF8CCE70} = {467118F5-FCB4-3430-3715-FB3D5F22BC5C}
		{9559D9CC-6153-291A-D449-EB4905ED0901} = {302A0036-2151-D0DF-9BD2-CBDBAF8CCE70}
		{FBB512E2-7146-DBFE-8AD8-6896E5533782} = {9559D9CC-6153-291A-D449-EB4905ED0901}
		{A3EA3396-BF65-5B0F-5237-44D0FC192D96} = {FBB512E2-7146-DBFE-8AD8-6896E5533782}
		{423D0F0E-F463-18F2-B1F9-2F2B01B1F494} = {FBB512E2-7146-DBFE-8AD8-6896E5533782}
	EndGlobalSection
	GlobalSection(ExtensibilityGlobals) = postSolution
		SolutionGuid = {1C7EC7E3-470E-4317-B0DC-15FF1637A635}
	EndGlobalSection
EndGlobal
